// !$*UTF8*$!
{
	archiveVersion = 1;
	classes = {
	};
	objectVersion = 56;
	objects = {

/* Begin PBXBuildFile section */
		F3563F962B59478100F17243 /* AppDelegate.swift in Sources */ = {isa = PBXBuildFile; fileRef = F3563F952B59478100F17243 /* AppDelegate.swift */; };
		F3563F982B59478100F17243 /* SceneDelegate.swift in Sources */ = {isa = PBXBuildFile; fileRef = F3563F972B59478100F17243 /* SceneDelegate.swift */; };
		F3563F9F2B59478200F17243 /* Assets.xcassets in Resources */ = {isa = PBXBuildFile; fileRef = F3563F9E2B59478200F17243 /* Assets.xcassets */; };
		F3563FA22B59478200F17243 /* LaunchScreen.storyboard in Resources */ = {isa = PBXBuildFile; fileRef = F3563FA02B59478200F17243 /* LaunchScreen.storyboard */; };
		F3563FAA2B59558100F17243 /* SearchVC.swift in Sources */ = {isa = PBXBuildFile; fileRef = F3563FA92B59558100F17243 /* SearchVC.swift */; };
		F3563FAC2B5955EB00F17243 /* FavoritesListVC.swift in Sources */ = {isa = PBXBuildFile; fileRef = F3563FAB2B5955EA00F17243 /* FavoritesListVC.swift */; };
		F3563FAE2B59646D00F17243 /* GFButton.swift in Sources */ = {isa = PBXBuildFile; fileRef = F3563FAD2B59646D00F17243 /* GFButton.swift */; };
		F3563FB02B59674A00F17243 /* GFTextField.swift in Sources */ = {isa = PBXBuildFile; fileRef = F3563FAF2B59674A00F17243 /* GFTextField.swift */; };
		F3563FB22B59B89800F17243 /* UIView+Ext.swift in Sources */ = {isa = PBXBuildFile; fileRef = F3563FB12B59B89800F17243 /* UIView+Ext.swift */; };
		F3563FB42B59C0EA00F17243 /* FollowerListVC.swift in Sources */ = {isa = PBXBuildFile; fileRef = F3563FB32B59C0EA00F17243 /* FollowerListVC.swift */; };
		F3563FB62B5A782200F17243 /* GFTitleLabel.swift in Sources */ = {isa = PBXBuildFile; fileRef = F3563FB52B5A782200F17243 /* GFTitleLabel.swift */; };
		F3563FB82B5A7A9F00F17243 /* GFBodyLabel.swift in Sources */ = {isa = PBXBuildFile; fileRef = F3563FB72B5A7A9F00F17243 /* GFBodyLabel.swift */; };
		F3563FBA2B5A7BBF00F17243 /* GFAlertVC.swift in Sources */ = {isa = PBXBuildFile; fileRef = F3563FB92B5A7BBF00F17243 /* GFAlertVC.swift */; };
		F3563FBC2B5AD97100F17243 /* UIViewController+Ext.swift in Sources */ = {isa = PBXBuildFile; fileRef = F3563FBB2B5AD97100F17243 /* UIViewController+Ext.swift */; };
		F3563FC32B5BF04600F17243 /* Follower.swift in Sources */ = {isa = PBXBuildFile; fileRef = F3563FC22B5BF04600F17243 /* Follower.swift */; };
		F3563FC52B5BF10800F17243 /* User.swift in Sources */ = {isa = PBXBuildFile; fileRef = F3563FC42B5BF10800F17243 /* User.swift */; };
		F3563FC82B5BF50E00F17243 /* NetworkManager.swift in Sources */ = {isa = PBXBuildFile; fileRef = F3563FC72B5BF50E00F17243 /* NetworkManager.swift */; };
		F3563FCB2B5C6DC700F17243 /* GFError.swift in Sources */ = {isa = PBXBuildFile; fileRef = F3563FCA2B5C6DC700F17243 /* GFError.swift */; };
		F3563FCE2B5D300800F17243 /* FollowerCell.swift in Sources */ = {isa = PBXBuildFile; fileRef = F3563FCD2B5D300800F17243 /* FollowerCell.swift */; };
		F3563FD02B5D308600F17243 /* GFAvatarImageView.swift in Sources */ = {isa = PBXBuildFile; fileRef = F3563FCF2B5D308600F17243 /* GFAvatarImageView.swift */; };
		F3563FD22B5D53B500F17243 /* UIHelper.swift in Sources */ = {isa = PBXBuildFile; fileRef = F3563FD12B5D53B500F17243 /* UIHelper.swift */; };
		F3563FDA2B6130AE00F17243 /* GFEmptyStateView.swift in Sources */ = {isa = PBXBuildFile; fileRef = F3563FD92B6130AE00F17243 /* GFEmptyStateView.swift */; };
		F3563FDC2B625EE700F17243 /* UserInfoVC.swift in Sources */ = {isa = PBXBuildFile; fileRef = F3563FDB2B625EE700F17243 /* UserInfoVC.swift */; };
		F3563FDE2B6269E500F17243 /* GFUserInfoHeaderVC.swift in Sources */ = {isa = PBXBuildFile; fileRef = F3563FDD2B6269E500F17243 /* GFUserInfoHeaderVC.swift */; };
		F3563FE02B626A7F00F17243 /* GFSecondaryTitleLabel.swift in Sources */ = {isa = PBXBuildFile; fileRef = F3563FDF2B626A7F00F17243 /* GFSecondaryTitleLabel.swift */; };
		F3563FE22B6281CC00F17243 /* Constants.swift in Sources */ = {isa = PBXBuildFile; fileRef = F3563FE12B6281CC00F17243 /* Constants.swift */; };
		F3563FE42B62F17300F17243 /* GFItemInfoView.swift in Sources */ = {isa = PBXBuildFile; fileRef = F3563FE32B62F17300F17243 /* GFItemInfoView.swift */; };
		F3563FE62B62F89C00F17243 /* GFItemInfoVC.swift in Sources */ = {isa = PBXBuildFile; fileRef = F3563FE52B62F89C00F17243 /* GFItemInfoVC.swift */; };
		F3563FE82B62FD1B00F17243 /* GFRepoItemVC.swift in Sources */ = {isa = PBXBuildFile; fileRef = F3563FE72B62FD1B00F17243 /* GFRepoItemVC.swift */; };
		F3563FEA2B62FEBF00F17243 /* GFFollowerItemVC.swift in Sources */ = {isa = PBXBuildFile; fileRef = F3563FE92B62FEBF00F17243 /* GFFollowerItemVC.swift */; };
		F3563FED2B6395C800F17243 /* Date+Ext.swift in Sources */ = {isa = PBXBuildFile; fileRef = F3563FEC2B6395C800F17243 /* Date+Ext.swift */; };
		F3563FF12B63C9E400F17243 /* PersistenceManager.swift in Sources */ = {isa = PBXBuildFile; fileRef = F3563FF02B63C9E400F17243 /* PersistenceManager.swift */; };
		F3563FF32B64F3C200F17243 /* FavoriteCell.swift in Sources */ = {isa = PBXBuildFile; fileRef = F3563FF22B64F3C200F17243 /* FavoriteCell.swift */; };
		F3692C222B6A439A007359CD /* GFTabBarController.swift in Sources */ = {isa = PBXBuildFile; fileRef = F3692C212B6A439A007359CD /* GFTabBarController.swift */; };
		F3692C242B6A5D92007359CD /* GFAlertContainerView.swift in Sources */ = {isa = PBXBuildFile; fileRef = F3692C232B6A5D92007359CD /* GFAlertContainerView.swift */; };
		F3692C262B6A69EA007359CD /* GFDataLoadingVC.swift in Sources */ = {isa = PBXBuildFile; fileRef = F3692C252B6A69EA007359CD /* GFDataLoadingVC.swift */; };
		F38F01172B74ADD6002796EF /* FollowerView.swift in Sources */ = {isa = PBXBuildFile; fileRef = F38F01162B74ADD6002796EF /* FollowerView.swift */; };
/* End PBXBuildFile section */

/* Begin PBXFileReference section */
		F3563F922B59478100F17243 /* GitHubFollowers.app */ = {isa = PBXFileReference; explicitFileType = wrapper.application; includeInIndex = 0; path = GitHubFollowers.app; sourceTree = BUILT_PRODUCTS_DIR; };
		F3563F952B59478100F17243 /* AppDelegate.swift */ = {isa = PBXFileReference; lastKnownFileType = sourcecode.swift; path = AppDelegate.swift; sourceTree = "<group>"; };
		F3563F972B59478100F17243 /* SceneDelegate.swift */ = {isa = PBXFileReference; lastKnownFileType = sourcecode.swift; path = SceneDelegate.swift; sourceTree = "<group>"; };
		F3563F9E2B59478200F17243 /* Assets.xcassets */ = {isa = PBXFileReference; lastKnownFileType = folder.assetcatalog; path = Assets.xcassets; sourceTree = "<group>"; };
		F3563FA12B59478200F17243 /* Base */ = {isa = PBXFileReference; lastKnownFileType = file.storyboard; name = Base; path = Base.lproj/LaunchScreen.storyboard; sourceTree = "<group>"; };
		F3563FA32B59478200F17243 /* Info.plist */ = {isa = PBXFileReference; lastKnownFileType = text.plist.xml; path = Info.plist; sourceTree = "<group>"; };
		F3563FA92B59558100F17243 /* SearchVC.swift */ = {isa = PBXFileReference; lastKnownFileType = sourcecode.swift; path = SearchVC.swift; sourceTree = "<group>"; };
		F3563FAB2B5955EA00F17243 /* FavoritesListVC.swift */ = {isa = PBXFileReference; lastKnownFileType = sourcecode.swift; path = FavoritesListVC.swift; sourceTree = "<group>"; };
		F3563FAD2B59646D00F17243 /* GFButton.swift */ = {isa = PBXFileReference; lastKnownFileType = sourcecode.swift; path = GFButton.swift; sourceTree = "<group>"; };
		F3563FAF2B59674A00F17243 /* GFTextField.swift */ = {isa = PBXFileReference; lastKnownFileType = sourcecode.swift; path = GFTextField.swift; sourceTree = "<group>"; };
		F3563FB12B59B89800F17243 /* UIView+Ext.swift */ = {isa = PBXFileReference; lastKnownFileType = sourcecode.swift; path = "UIView+Ext.swift"; sourceTree = "<group>"; };
		F3563FB32B59C0EA00F17243 /* FollowerListVC.swift */ = {isa = PBXFileReference; lastKnownFileType = sourcecode.swift; path = FollowerListVC.swift; sourceTree = "<group>"; };
		F3563FB52B5A782200F17243 /* GFTitleLabel.swift */ = {isa = PBXFileReference; lastKnownFileType = sourcecode.swift; path = GFTitleLabel.swift; sourceTree = "<group>"; };
		F3563FB72B5A7A9F00F17243 /* GFBodyLabel.swift */ = {isa = PBXFileReference; lastKnownFileType = sourcecode.swift; path = GFBodyLabel.swift; sourceTree = "<group>"; };
		F3563FB92B5A7BBF00F17243 /* GFAlertVC.swift */ = {isa = PBXFileReference; lastKnownFileType = sourcecode.swift; path = GFAlertVC.swift; sourceTree = "<group>"; };
		F3563FBB2B5AD97100F17243 /* UIViewController+Ext.swift */ = {isa = PBXFileReference; lastKnownFileType = sourcecode.swift; path = "UIViewController+Ext.swift"; sourceTree = "<group>"; };
		F3563FC22B5BF04600F17243 /* Follower.swift */ = {isa = PBXFileReference; lastKnownFileType = sourcecode.swift; path = Follower.swift; sourceTree = "<group>"; };
		F3563FC42B5BF10800F17243 /* User.swift */ = {isa = PBXFileReference; lastKnownFileType = sourcecode.swift; path = User.swift; sourceTree = "<group>"; };
		F3563FC72B5BF50E00F17243 /* NetworkManager.swift */ = {isa = PBXFileReference; lastKnownFileType = sourcecode.swift; path = NetworkManager.swift; sourceTree = "<group>"; };
		F3563FCA2B5C6DC700F17243 /* GFError.swift */ = {isa = PBXFileReference; lastKnownFileType = sourcecode.swift; path = GFError.swift; sourceTree = "<group>"; };
		F3563FCD2B5D300800F17243 /* FollowerCell.swift */ = {isa = PBXFileReference; lastKnownFileType = sourcecode.swift; path = FollowerCell.swift; sourceTree = "<group>"; };
		F3563FCF2B5D308600F17243 /* GFAvatarImageView.swift */ = {isa = PBXFileReference; lastKnownFileType = sourcecode.swift; path = GFAvatarImageView.swift; sourceTree = "<group>"; };
		F3563FD12B5D53B500F17243 /* UIHelper.swift */ = {isa = PBXFileReference; lastKnownFileType = sourcecode.swift; path = UIHelper.swift; sourceTree = "<group>"; };
		F3563FD92B6130AE00F17243 /* GFEmptyStateView.swift */ = {isa = PBXFileReference; lastKnownFileType = sourcecode.swift; path = GFEmptyStateView.swift; sourceTree = "<group>"; };
		F3563FDB2B625EE700F17243 /* UserInfoVC.swift */ = {isa = PBXFileReference; lastKnownFileType = sourcecode.swift; path = UserInfoVC.swift; sourceTree = "<group>"; };
		F3563FDD2B6269E500F17243 /* GFUserInfoHeaderVC.swift */ = {isa = PBXFileReference; lastKnownFileType = sourcecode.swift; path = GFUserInfoHeaderVC.swift; sourceTree = "<group>"; };
		F3563FDF2B626A7F00F17243 /* GFSecondaryTitleLabel.swift */ = {isa = PBXFileReference; lastKnownFileType = sourcecode.swift; path = GFSecondaryTitleLabel.swift; sourceTree = "<group>"; };
		F3563FE12B6281CC00F17243 /* Constants.swift */ = {isa = PBXFileReference; lastKnownFileType = sourcecode.swift; path = Constants.swift; sourceTree = "<group>"; };
		F3563FE32B62F17300F17243 /* GFItemInfoView.swift */ = {isa = PBXFileReference; lastKnownFileType = sourcecode.swift; path = GFItemInfoView.swift; sourceTree = "<group>"; };
		F3563FE52B62F89C00F17243 /* GFItemInfoVC.swift */ = {isa = PBXFileReference; lastKnownFileType = sourcecode.swift; path = GFItemInfoVC.swift; sourceTree = "<group>"; };
		F3563FE72B62FD1B00F17243 /* GFRepoItemVC.swift */ = {isa = PBXFileReference; lastKnownFileType = sourcecode.swift; path = GFRepoItemVC.swift; sourceTree = "<group>"; };
		F3563FE92B62FEBF00F17243 /* GFFollowerItemVC.swift */ = {isa = PBXFileReference; lastKnownFileType = sourcecode.swift; path = GFFollowerItemVC.swift; sourceTree = "<group>"; };
		F3563FEC2B6395C800F17243 /* Date+Ext.swift */ = {isa = PBXFileReference; lastKnownFileType = sourcecode.swift; path = "Date+Ext.swift"; sourceTree = "<group>"; };
		F3563FF02B63C9E400F17243 /* PersistenceManager.swift */ = {isa = PBXFileReference; lastKnownFileType = sourcecode.swift; path = PersistenceManager.swift; sourceTree = "<group>"; };
		F3563FF22B64F3C200F17243 /* FavoriteCell.swift */ = {isa = PBXFileReference; lastKnownFileType = sourcecode.swift; path = FavoriteCell.swift; sourceTree = "<group>"; };
		F3692C212B6A439A007359CD /* GFTabBarController.swift */ = {isa = PBXFileReference; lastKnownFileType = sourcecode.swift; path = GFTabBarController.swift; sourceTree = "<group>"; };
		F3692C232B6A5D92007359CD /* GFAlertContainerView.swift */ = {isa = PBXFileReference; lastKnownFileType = sourcecode.swift; path = GFAlertContainerView.swift; sourceTree = "<group>"; };
		F3692C252B6A69EA007359CD /* GFDataLoadingVC.swift */ = {isa = PBXFileReference; lastKnownFileType = sourcecode.swift; path = GFDataLoadingVC.swift; sourceTree = "<group>"; };
		F38F01162B74ADD6002796EF /* FollowerView.swift */ = {isa = PBXFileReference; lastKnownFileType = sourcecode.swift; path = FollowerView.swift; sourceTree = "<group>"; };
/* End PBXFileReference section */

/* Begin PBXFrameworksBuildPhase section */
		F3563F8F2B59478100F17243 /* Frameworks */ = {
			isa = PBXFrameworksBuildPhase;
			buildActionMask = 2147483647;
			files = (
			);
			runOnlyForDeploymentPostprocessing = 0;
		};
/* End PBXFrameworksBuildPhase section */

/* Begin PBXGroup section */
		F3563F892B59478100F17243 = {
			isa = PBXGroup;
			children = (
				F3563F942B59478100F17243 /* GitHubFollowers */,
				F3563F932B59478100F17243 /* Products */,
			);
			sourceTree = "<group>";
		};
		F3563F932B59478100F17243 /* Products */ = {
			isa = PBXGroup;
			children = (
				F3563F922B59478100F17243 /* GitHubFollowers.app */,
			);
			name = Products;
			sourceTree = "<group>";
		};
		F3563F942B59478100F17243 /* GitHubFollowers */ = {
			isa = PBXGroup;
			children = (
				F3563FC92B5C6D9E00F17243 /* Utilites */,
				F3563FC62B5BF4F300F17243 /* Managers */,
				F3563FC12B5BF02000F17243 /* Model */,
				F3563FBF2B5AF05F00F17243 /* Extensions */,
				F3563FBE2B5AF01E00F17243 /* CustomViews */,
				F3563FBD2B5AEFAE00F17243 /* Screens */,
				F3563FC02B5AF0BD00F17243 /* Support */,
				F3563FA32B59478200F17243 /* Info.plist */,
			);
			path = GitHubFollowers;
			sourceTree = "<group>";
		};
		F3563FBD2B5AEFAE00F17243 /* Screens */ = {
			isa = PBXGroup;
			children = (
				F3563FA92B59558100F17243 /* SearchVC.swift */,
				F3563FB32B59C0EA00F17243 /* FollowerListVC.swift */,
				F3563FAB2B5955EA00F17243 /* FavoritesListVC.swift */,
				F3563FDB2B625EE700F17243 /* UserInfoVC.swift */,
			);
			path = Screens;
			sourceTree = "<group>";
		};
		F3563FBE2B5AF01E00F17243 /* CustomViews */ = {
			isa = PBXGroup;
			children = (
				F3692C202B6A4376007359CD /* TabBarControllers */,
				F3563FD82B61308600F17243 /* Labels */,
				F3563FD72B61307100F17243 /* ViewControllers */,
				F3563FD62B61306A00F17243 /* ImageViews */,
				F3563FD52B61303C00F17243 /* TextFields */,
				F3563FD42B61303400F17243 /* Buttons */,
				F3563FD32B61302700F17243 /* Views */,
				F3563FCC2B5D2FBF00F17243 /* Cells */,
			);
			path = CustomViews;
			sourceTree = "<group>";
		};
		F3563FBF2B5AF05F00F17243 /* Extensions */ = {
			isa = PBXGroup;
			children = (
				F3563FBB2B5AD97100F17243 /* UIViewController+Ext.swift */,
				F3563FB12B59B89800F17243 /* UIView+Ext.swift */,
				F3563FEC2B6395C800F17243 /* Date+Ext.swift */,
			);
			path = Extensions;
			sourceTree = "<group>";
		};
		F3563FC02B5AF0BD00F17243 /* Support */ = {
			isa = PBXGroup;
			children = (
				F3563F952B59478100F17243 /* AppDelegate.swift */,
				F3563F972B59478100F17243 /* SceneDelegate.swift */,
				F3563F9E2B59478200F17243 /* Assets.xcassets */,
				F3563FA02B59478200F17243 /* LaunchScreen.storyboard */,
			);
			path = Support;
			sourceTree = "<group>";
		};
		F3563FC12B5BF02000F17243 /* Model */ = {
			isa = PBXGroup;
			children = (
				F3563FC22B5BF04600F17243 /* Follower.swift */,
				F3563FC42B5BF10800F17243 /* User.swift */,
			);
			path = Model;
			sourceTree = "<group>";
		};
		F3563FC62B5BF4F300F17243 /* Managers */ = {
			isa = PBXGroup;
			children = (
				F3563FC72B5BF50E00F17243 /* NetworkManager.swift */,
				F3563FF02B63C9E400F17243 /* PersistenceManager.swift */,
			);
			path = Managers;
			sourceTree = "<group>";
		};
		F3563FC92B5C6D9E00F17243 /* Utilites */ = {
			isa = PBXGroup;
			children = (
				F3563FD12B5D53B500F17243 /* UIHelper.swift */,
				F3563FCA2B5C6DC700F17243 /* GFError.swift */,
				F3563FE12B6281CC00F17243 /* Constants.swift */,
			);
			path = Utilites;
			sourceTree = "<group>";
		};
		F3563FCC2B5D2FBF00F17243 /* Cells */ = {
			isa = PBXGroup;
			children = (
				F38F01152B74AD9E002796EF /* FollowerCell */,
				F3563FF22B64F3C200F17243 /* FavoriteCell.swift */,
			);
			path = Cells;
			sourceTree = "<group>";
		};
		F3563FD32B61302700F17243 /* Views */ = {
			isa = PBXGroup;
			children = (
				F3563FD92B6130AE00F17243 /* GFEmptyStateView.swift */,
				F3563FE32B62F17300F17243 /* GFItemInfoView.swift */,
				F3692C232B6A5D92007359CD /* GFAlertContainerView.swift */,
			);
			path = Views;
			sourceTree = "<group>";
		};
		F3563FD42B61303400F17243 /* Buttons */ = {
			isa = PBXGroup;
			children = (
				F3563FAD2B59646D00F17243 /* GFButton.swift */,
			);
			path = Buttons;
			sourceTree = "<group>";
		};
		F3563FD52B61303C00F17243 /* TextFields */ = {
			isa = PBXGroup;
			children = (
				F3563FAF2B59674A00F17243 /* GFTextField.swift */,
			);
			path = TextFields;
			sourceTree = "<group>";
		};
		F3563FD62B61306A00F17243 /* ImageViews */ = {
			isa = PBXGroup;
			children = (
				F3563FCF2B5D308600F17243 /* GFAvatarImageView.swift */,
			);
			path = ImageViews;
			sourceTree = "<group>";
		};
		F3563FD72B61307100F17243 /* ViewControllers */ = {
			isa = PBXGroup;
			children = (
				F3563FEB2B62FF1100F17243 /* ItemInfoVC */,
				F3563FB92B5A7BBF00F17243 /* GFAlertVC.swift */,
				F3563FDD2B6269E500F17243 /* GFUserInfoHeaderVC.swift */,
				F3692C252B6A69EA007359CD /* GFDataLoadingVC.swift */,
			);
			path = ViewControllers;
			sourceTree = "<group>";
		};
		F3563FD82B61308600F17243 /* Labels */ = {
			isa = PBXGroup;
			children = (
				F3563FB52B5A782200F17243 /* GFTitleLabel.swift */,
				F3563FB72B5A7A9F00F17243 /* GFBodyLabel.swift */,
				F3563FDF2B626A7F00F17243 /* GFSecondaryTitleLabel.swift */,
			);
			path = Labels;
			sourceTree = "<group>";
		};
		F3563FEB2B62FF1100F17243 /* ItemInfoVC */ = {
			isa = PBXGroup;
			children = (
				F3563FE52B62F89C00F17243 /* GFItemInfoVC.swift */,
				F3563FE72B62FD1B00F17243 /* GFRepoItemVC.swift */,
				F3563FE92B62FEBF00F17243 /* GFFollowerItemVC.swift */,
			);
			path = ItemInfoVC;
			sourceTree = "<group>";
		};
		F3692C202B6A4376007359CD /* TabBarControllers */ = {
			isa = PBXGroup;
			children = (
				F3692C212B6A439A007359CD /* GFTabBarController.swift */,
			);
			path = TabBarControllers;
			sourceTree = "<group>";
		};
		F38F01152B74AD9E002796EF /* FollowerCell */ = {
			isa = PBXGroup;
			children = (
				F3563FCD2B5D300800F17243 /* FollowerCell.swift */,
				F38F01162B74ADD6002796EF /* FollowerView.swift */,
			);
			path = FollowerCell;
			sourceTree = "<group>";
		};
/* End PBXGroup section */

/* Begin PBXNativeTarget section */
		F3563F912B59478100F17243 /* GitHubFollowers */ = {
			isa = PBXNativeTarget;
			buildConfigurationList = F3563FA62B59478300F17243 /* Build configuration list for PBXNativeTarget "GitHubFollowers" */;
			buildPhases = (
				F3563F8E2B59478100F17243 /* Sources */,
				F3563F8F2B59478100F17243 /* Frameworks */,
				F3563F902B59478100F17243 /* Resources */,
			);
			buildRules = (
			);
			dependencies = (
			);
			name = GitHubFollowers;
			productName = GitHubFollowers;
			productReference = F3563F922B59478100F17243 /* GitHubFollowers.app */;
			productType = "com.apple.product-type.application";
		};
/* End PBXNativeTarget section */

/* Begin PBXProject section */
		F3563F8A2B59478100F17243 /* Project object */ = {
			isa = PBXProject;
			attributes = {
				BuildIndependentTargetsInParallel = 1;
				LastSwiftUpdateCheck = 1520;
				LastUpgradeCheck = 1520;
				TargetAttributes = {
					F3563F912B59478100F17243 = {
						CreatedOnToolsVersion = 15.2;
					};
				};
			};
			buildConfigurationList = F3563F8D2B59478100F17243 /* Build configuration list for PBXProject "GitHubFollowers" */;
			compatibilityVersion = "Xcode 14.0";
			developmentRegion = en;
			hasScannedForEncodings = 0;
			knownRegions = (
				en,
				Base,
			);
			mainGroup = F3563F892B59478100F17243;
			productRefGroup = F3563F932B59478100F17243 /* Products */;
			projectDirPath = "";
			projectRoot = "";
			targets = (
				F3563F912B59478100F17243 /* GitHubFollowers */,
			);
		};
/* End PBXProject section */

/* Begin PBXResourcesBuildPhase section */
		F3563F902B59478100F17243 /* Resources */ = {
			isa = PBXResourcesBuildPhase;
			buildActionMask = 2147483647;
			files = (
				F3563FA22B59478200F17243 /* LaunchScreen.storyboard in Resources */,
				F3563F9F2B59478200F17243 /* Assets.xcassets in Resources */,
			);
			runOnlyForDeploymentPostprocessing = 0;
		};
/* End PBXResourcesBuildPhase section */

/* Begin PBXSourcesBuildPhase section */
		F3563F8E2B59478100F17243 /* Sources */ = {
			isa = PBXSourcesBuildPhase;
			buildActionMask = 2147483647;
			files = (
				F3563FB02B59674A00F17243 /* GFTextField.swift in Sources */,
				F3563FAC2B5955EB00F17243 /* FavoritesListVC.swift in Sources */,
				F3563FBC2B5AD97100F17243 /* UIViewController+Ext.swift in Sources */,
				F3563FDE2B6269E500F17243 /* GFUserInfoHeaderVC.swift in Sources */,
				F3563FAE2B59646D00F17243 /* GFButton.swift in Sources */,
				F3563FAA2B59558100F17243 /* SearchVC.swift in Sources */,
				F3692C262B6A69EA007359CD /* GFDataLoadingVC.swift in Sources */,
				F3563FDA2B6130AE00F17243 /* GFEmptyStateView.swift in Sources */,
				F3563FE02B626A7F00F17243 /* GFSecondaryTitleLabel.swift in Sources */,
				F3563F962B59478100F17243 /* AppDelegate.swift in Sources */,
				F3563FC52B5BF10800F17243 /* User.swift in Sources */,
				F3563FCE2B5D300800F17243 /* FollowerCell.swift in Sources */,
				F3563FD02B5D308600F17243 /* GFAvatarImageView.swift in Sources */,
				F3563FF12B63C9E400F17243 /* PersistenceManager.swift in Sources */,
				F3563FF32B64F3C200F17243 /* FavoriteCell.swift in Sources */,
				F3563FE82B62FD1B00F17243 /* GFRepoItemVC.swift in Sources */,
				F3692C222B6A439A007359CD /* GFTabBarController.swift in Sources */,
				F3692C242B6A5D92007359CD /* GFAlertContainerView.swift in Sources */,
				F3563FBA2B5A7BBF00F17243 /* GFAlertVC.swift in Sources */,
				F3563FDC2B625EE700F17243 /* UserInfoVC.swift in Sources */,
				F3563FC32B5BF04600F17243 /* Follower.swift in Sources */,
				F3563F982B59478100F17243 /* SceneDelegate.swift in Sources */,
				F3563FB62B5A782200F17243 /* GFTitleLabel.swift in Sources */,
				F3563FB42B59C0EA00F17243 /* FollowerListVC.swift in Sources */,
				F3563FE62B62F89C00F17243 /* GFItemInfoVC.swift in Sources */,
				F3563FEA2B62FEBF00F17243 /* GFFollowerItemVC.swift in Sources */,
				F3563FCB2B5C6DC700F17243 /* GFError.swift in Sources */,
				F3563FD22B5D53B500F17243 /* UIHelper.swift in Sources */,
				F38F01172B74ADD6002796EF /* FollowerView.swift in Sources */,
				F3563FED2B6395C800F17243 /* Date+Ext.swift in Sources */,
				F3563FC82B5BF50E00F17243 /* NetworkManager.swift in Sources */,
				F3563FB22B59B89800F17243 /* UIView+Ext.swift in Sources */,
				F3563FE42B62F17300F17243 /* GFItemInfoView.swift in Sources */,
				F3563FB82B5A7A9F00F17243 /* GFBodyLabel.swift in Sources */,
				F3563FE22B6281CC00F17243 /* Constants.swift in Sources */,
			);
			runOnlyForDeploymentPostprocessing = 0;
		};
/* End PBXSourcesBuildPhase section */

/* Begin PBXVariantGroup section */
		F3563FA02B59478200F17243 /* LaunchScreen.storyboard */ = {
			isa = PBXVariantGroup;
			children = (
				F3563FA12B59478200F17243 /* Base */,
			);
			name = LaunchScreen.storyboard;
			sourceTree = "<group>";
		};
/* End PBXVariantGroup section */

/* Begin XCBuildConfiguration section */
		F3563FA42B59478200F17243 /* Debug */ = {
			isa = XCBuildConfiguration;
			buildSettings = {
				ALWAYS_SEARCH_USER_PATHS = NO;
				ASSETCATALOG_COMPILER_GENERATE_SWIFT_ASSET_SYMBOL_EXTENSIONS = YES;
				CLANG_ANALYZER_NONNULL = YES;
				CLANG_ANALYZER_NUMBER_OBJECT_CONVERSION = YES_AGGRESSIVE;
				CLANG_CXX_LANGUAGE_STANDARD = "gnu++20";
				CLANG_ENABLE_MODULES = YES;
				CLANG_ENABLE_OBJC_ARC = YES;
				CLANG_ENABLE_OBJC_WEAK = YES;
				CLANG_WARN_BLOCK_CAPTURE_AUTORELEASING = YES;
				CLANG_WARN_BOOL_CONVERSION = YES;
				CLANG_WARN_COMMA = YES;
				CLANG_WARN_CONSTANT_CONVERSION = YES;
				CLANG_WARN_DEPRECATED_OBJC_IMPLEMENTATIONS = YES;
				CLANG_WARN_DIRECT_OBJC_ISA_USAGE = YES_ERROR;
				CLANG_WARN_DOCUMENTATION_COMMENTS = YES;
				CLANG_WARN_EMPTY_BODY = YES;
				CLANG_WARN_ENUM_CONVERSION = YES;
				CLANG_WARN_INFINITE_RECURSION = YES;
				CLANG_WARN_INT_CONVERSION = YES;
				CLANG_WARN_NON_LITERAL_NULL_CONVERSION = YES;
				CLANG_WARN_OBJC_IMPLICIT_RETAIN_SELF = YES;
				CLANG_WARN_OBJC_LITERAL_CONVERSION = YES;
				CLANG_WARN_OBJC_ROOT_CLASS = YES_ERROR;
				CLANG_WARN_QUOTED_INCLUDE_IN_FRAMEWORK_HEADER = YES;
				CLANG_WARN_RANGE_LOOP_ANALYSIS = YES;
				CLANG_WARN_STRICT_PROTOTYPES = YES;
				CLANG_WARN_SUSPICIOUS_MOVE = YES;
				CLANG_WARN_UNGUARDED_AVAILABILITY = YES_AGGRESSIVE;
				CLANG_WARN_UNREACHABLE_CODE = YES;
				CLANG_WARN__DUPLICATE_METHOD_MATCH = YES;
				COPY_PHASE_STRIP = NO;
				DEBUG_INFORMATION_FORMAT = dwarf;
				ENABLE_STRICT_OBJC_MSGSEND = YES;
				ENABLE_TESTABILITY = YES;
				ENABLE_USER_SCRIPT_SANDBOXING = YES;
				GCC_C_LANGUAGE_STANDARD = gnu17;
				GCC_DYNAMIC_NO_PIC = NO;
				GCC_NO_COMMON_BLOCKS = YES;
				GCC_OPTIMIZATION_LEVEL = 0;
				GCC_PREPROCESSOR_DEFINITIONS = (
					"DEBUG=1",
					"$(inherited)",
				);
				GCC_WARN_64_TO_32_BIT_CONVERSION = YES;
				GCC_WARN_ABOUT_RETURN_TYPE = YES_ERROR;
				GCC_WARN_UNDECLARED_SELECTOR = YES;
				GCC_WARN_UNINITIALIZED_AUTOS = YES_AGGRESSIVE;
				GCC_WARN_UNUSED_FUNCTION = YES;
				GCC_WARN_UNUSED_VARIABLE = YES;
				IPHONEOS_DEPLOYMENT_TARGET = 17.2;
				LOCALIZATION_PREFERS_STRING_CATALOGS = YES;
				MTL_ENABLE_DEBUG_INFO = INCLUDE_SOURCE;
				MTL_FAST_MATH = YES;
				ONLY_ACTIVE_ARCH = YES;
				SDKROOT = iphoneos;
				SWIFT_ACTIVE_COMPILATION_CONDITIONS = "DEBUG $(inherited)";
				SWIFT_OPTIMIZATION_LEVEL = "-Onone";
			};
			name = Debug;
		};
		F3563FA52B59478200F17243 /* Release */ = {
			isa = XCBuildConfiguration;
			buildSettings = {
				ALWAYS_SEARCH_USER_PATHS = NO;
				ASSETCATALOG_COMPILER_GENERATE_SWIFT_ASSET_SYMBOL_EXTENSIONS = YES;
				CLANG_ANALYZER_NONNULL = YES;
				CLANG_ANALYZER_NUMBER_OBJECT_CONVERSION = YES_AGGRESSIVE;
				CLANG_CXX_LANGUAGE_STANDARD = "gnu++20";
				CLANG_ENABLE_MODULES = YES;
				CLANG_ENABLE_OBJC_ARC = YES;
				CLANG_ENABLE_OBJC_WEAK = YES;
				CLANG_WARN_BLOCK_CAPTURE_AUTORELEASING = YES;
				CLANG_WARN_BOOL_CONVERSION = YES;
				CLANG_WARN_COMMA = YES;
				CLANG_WARN_CONSTANT_CONVERSION = YES;
				CLANG_WARN_DEPRECATED_OBJC_IMPLEMENTATIONS = YES;
				CLANG_WARN_DIRECT_OBJC_ISA_USAGE = YES_ERROR;
				CLANG_WARN_DOCUMENTATION_COMMENTS = YES;
				CLANG_WARN_EMPTY_BODY = YES;
				CLANG_WARN_ENUM_CONVERSION = YES;
				CLANG_WARN_INFINITE_RECURSION = YES;
				CLANG_WARN_INT_CONVERSION = YES;
				CLANG_WARN_NON_LITERAL_NULL_CONVERSION = YES;
				CLANG_WARN_OBJC_IMPLICIT_RETAIN_SELF = YES;
				CLANG_WARN_OBJC_LITERAL_CONVERSION = YES;
				CLANG_WARN_OBJC_ROOT_CLASS = YES_ERROR;
				CLANG_WARN_QUOTED_INCLUDE_IN_FRAMEWORK_HEADER = YES;
				CLANG_WARN_RANGE_LOOP_ANALYSIS = YES;
				CLANG_WARN_STRICT_PROTOTYPES = YES;
				CLANG_WARN_SUSPICIOUS_MOVE = YES;
				CLANG_WARN_UNGUARDED_AVAILABILITY = YES_AGGRESSIVE;
				CLANG_WARN_UNREACHABLE_CODE = YES;
				CLANG_WARN__DUPLICATE_METHOD_MATCH = YES;
				COPY_PHASE_STRIP = NO;
				DEBUG_INFORMATION_FORMAT = "dwarf-with-dsym";
				ENABLE_NS_ASSERTIONS = NO;
				ENABLE_STRICT_OBJC_MSGSEND = YES;
				ENABLE_USER_SCRIPT_SANDBOXING = YES;
				GCC_C_LANGUAGE_STANDARD = gnu17;
				GCC_NO_COMMON_BLOCKS = YES;
				GCC_WARN_64_TO_32_BIT_CONVERSION = YES;
				GCC_WARN_ABOUT_RETURN_TYPE = YES_ERROR;
				GCC_WARN_UNDECLARED_SELECTOR = YES;
				GCC_WARN_UNINITIALIZED_AUTOS = YES_AGGRESSIVE;
				GCC_WARN_UNUSED_FUNCTION = YES;
				GCC_WARN_UNUSED_VARIABLE = YES;
				IPHONEOS_DEPLOYMENT_TARGET = 17.2;
				LOCALIZATION_PREFERS_STRING_CATALOGS = YES;
				MTL_ENABLE_DEBUG_INFO = NO;
				MTL_FAST_MATH = YES;
				SDKROOT = iphoneos;
				SWIFT_COMPILATION_MODE = wholemodule;
				VALIDATE_PRODUCT = YES;
			};
			name = Release;
		};
		F3563FA72B59478300F17243 /* Debug */ = {
			isa = XCBuildConfiguration;
			buildSettings = {
				ASSETCATALOG_COMPILER_APPICON_NAME = AppIcon;
				ASSETCATALOG_COMPILER_GLOBAL_ACCENT_COLOR_NAME = AccentColor;
				CODE_SIGN_STYLE = Automatic;
				CURRENT_PROJECT_VERSION = 1;
				DEVELOPMENT_TEAM = T52NLA8Y9D;
				GENERATE_INFOPLIST_FILE = YES;
				INFOPLIST_FILE = GitHubFollowers/Info.plist;
				INFOPLIST_KEY_UIApplicationSupportsIndirectInputEvents = YES;
				INFOPLIST_KEY_UILaunchStoryboardName = LaunchScreen;
				INFOPLIST_KEY_UISupportedInterfaceOrientations = UIInterfaceOrientationPortrait;
				IPHONEOS_DEPLOYMENT_TARGET = 15.0;
				LD_RUNPATH_SEARCH_PATHS = (
					"$(inherited)",
					"@executable_path/Frameworks",
				);
				MARKETING_VERSION = 1.0;
				PRODUCT_BUNDLE_IDENTIFIER = com.borkstar.GitHubFollowers;
				PRODUCT_NAME = "$(TARGET_NAME)";
				SUPPORTED_PLATFORMS = "iphoneos iphonesimulator";
				SUPPORTS_MACCATALYST = NO;
				SUPPORTS_MAC_DESIGNED_FOR_IPHONE_IPAD = NO;
				SUPPORTS_XR_DESIGNED_FOR_IPHONE_IPAD = NO;
				SWIFT_EMIT_LOC_STRINGS = YES;
				SWIFT_VERSION = 5.0;
				TARGETED_DEVICE_FAMILY = 1;
			};
			name = Debug;
		};
		F3563FA82B59478300F17243 /* Release */ = {
			isa = XCBuildConfiguration;
			buildSettings = {
				ASSETCATALOG_COMPILER_APPICON_NAME = AppIcon;
				ASSETCATALOG_COMPILER_GLOBAL_ACCENT_COLOR_NAME = AccentColor;
				CODE_SIGN_STYLE = Automatic;
				CURRENT_PROJECT_VERSION = 1;
				DEVELOPMENT_TEAM = T52NLA8Y9D;
				GENERATE_INFOPLIST_FILE = YES;
				INFOPLIST_FILE = GitHubFollowers/Info.plist;
				INFOPLIST_KEY_UIApplicationSupportsIndirectInputEvents = YES;
				INFOPLIST_KEY_UILaunchStoryboardName = LaunchScreen;
				INFOPLIST_KEY_UISupportedInterfaceOrientations = UIInterfaceOrientationPortrait;
				IPHONEOS_DEPLOYMENT_TARGET = 15.0;
				LD_RUNPATH_SEARCH_PATHS = (
					"$(inherited)",
					"@executable_path/Frameworks",
				);
				MARKETING_VERSION = 1.0;
				PRODUCT_BUNDLE_IDENTIFIER = com.borkstar.GitHubFollowers;
				PRODUCT_NAME = "$(TARGET_NAME)";
				SUPPORTED_PLATFORMS = "iphoneos iphonesimulator";
				SUPPORTS_MACCATALYST = NO;
				SUPPORTS_MAC_DESIGNED_FOR_IPHONE_IPAD = NO;
				SUPPORTS_XR_DESIGNED_FOR_IPHONE_IPAD = NO;
				SWIFT_EMIT_LOC_STRINGS = YES;
				SWIFT_VERSION = 5.0;
				TARGETED_DEVICE_FAMILY = 1;
			};
			name = Release;
		};
/* End XCBuildConfiguration section */

/* Begin XCConfigurationList section */
		F3563F8D2B59478100F17243 /* Build configuration list for PBXProject "GitHubFollowers" */ = {
			isa = XCConfigurationList;
			buildConfigurations = (
				F3563FA42B59478200F17243 /* Debug */,
				F3563FA52B59478200F17243 /* Release */,
			);
			defaultConfigurationIsVisible = 0;
			defaultConfigurationName = Release;
		};
		F3563FA62B59478300F17243 /* Build configuration list for PBXNativeTarget "GitHubFollowers" */ = {
			isa = XCConfigurationList;
			buildConfigurations = (
				F3563FA72B59478300F17243 /* Debug */,
				F3563FA82B59478300F17243 /* Release */,
			);
			defaultConfigurationIsVisible = 0;
			defaultConfigurationName = Release;
		};
/* End XCConfigurationList section */
	};
	rootObject = F3563F8A2B59478100F17243 /* Project object */;
}
